// !$*UTF8*$!
{
	archiveVersion = 1;
	classes = {
	};
	objectVersion = 48;
	objects = {

/* Begin PBXBuildFile section */
		215F3D29E42E78784C8AA616 /* Pods_VKClient.framework in Frameworks */ = {isa = PBXBuildFile; fileRef = 5C253EC2FDCE6AC72A99FC59 /* Pods_VKClient.framework */; };
		5033BB76206F669C00594A04 /* AppDelegate.swift in Sources */ = {isa = PBXBuildFile; fileRef = 5033BB75206F669C00594A04 /* AppDelegate.swift */; };
		5033BB78206F669C00594A04 /* AuthViewController.swift in Sources */ = {isa = PBXBuildFile; fileRef = 5033BB77206F669C00594A04 /* AuthViewController.swift */; };
		5033BB7B206F669C00594A04 /* Main.storyboard in Resources */ = {isa = PBXBuildFile; fileRef = 5033BB79206F669C00594A04 /* Main.storyboard */; };
		5033BB7D206F669D00594A04 /* Assets.xcassets in Resources */ = {isa = PBXBuildFile; fileRef = 5033BB7C206F669D00594A04 /* Assets.xcassets */; };
		5033BB80206F669D00594A04 /* LaunchScreen.storyboard in Resources */ = {isa = PBXBuildFile; fileRef = 5033BB7E206F669D00594A04 /* LaunchScreen.storyboard */; };
		5033BB89206F66DB00594A04 /* AuthViewController.xib in Resources */ = {isa = PBXBuildFile; fileRef = 5033BB88206F66DB00594A04 /* AuthViewController.xib */; };
		5033BB8C206F80E600594A04 /* FriendsViewController.swift in Sources */ = {isa = PBXBuildFile; fileRef = 5033BB8B206F80E600594A04 /* FriendsViewController.swift */; };
		5033BB8E206F81A900594A04 /* FriendsViewController.xib in Resources */ = {isa = PBXBuildFile; fileRef = 5033BB8D206F81A900594A04 /* FriendsViewController.xib */; };
		5033BB91206F846B00594A04 /* FriendTableViewCell.swift in Sources */ = {isa = PBXBuildFile; fileRef = 5033BB8F206F846B00594A04 /* FriendTableViewCell.swift */; };
		5033BB92206F846B00594A04 /* FriendTableViewCell.xib in Resources */ = {isa = PBXBuildFile; fileRef = 5033BB90206F846B00594A04 /* FriendTableViewCell.xib */; };
		50C1329F20789E9500CD2768 /* UserSettings.swift in Sources */ = {isa = PBXBuildFile; fileRef = 50C1329E20789E9500CD2768 /* UserSettings.swift */; };
		B45580D12080D15D001D616C /* FriendInfoViewController.swift in Sources */ = {isa = PBXBuildFile; fileRef = B45580CF2080D15D001D616C /* FriendInfoViewController.swift */; };
		B45580D22080D15D001D616C /* FriendInfoViewController.xib in Resources */ = {isa = PBXBuildFile; fileRef = B45580D02080D15D001D616C /* FriendInfoViewController.xib */; };
		CEE988142070DDF800B0941D /* (null) in Resources */ = {isa = PBXBuildFile; };
/* End PBXBuildFile section */

/* Begin PBXFileReference section */
		05323B7976ACDA2A58FFCFDB /* Pods-VKClient.release.xcconfig */ = {isa = PBXFileReference; includeInIndex = 1; lastKnownFileType = text.xcconfig; name = "Pods-VKClient.release.xcconfig"; path = "Pods/Target Support Files/Pods-VKClient/Pods-VKClient.release.xcconfig"; sourceTree = "<group>"; };
		5033BB72206F669C00594A04 /* VKClient.app */ = {isa = PBXFileReference; explicitFileType = wrapper.application; includeInIndex = 0; path = VKClient.app; sourceTree = BUILT_PRODUCTS_DIR; };
		5033BB75206F669C00594A04 /* AppDelegate.swift */ = {isa = PBXFileReference; lastKnownFileType = sourcecode.swift; path = AppDelegate.swift; sourceTree = "<group>"; };
		5033BB77206F669C00594A04 /* AuthViewController.swift */ = {isa = PBXFileReference; lastKnownFileType = sourcecode.swift; path = AuthViewController.swift; sourceTree = "<group>"; };
		5033BB7A206F669C00594A04 /* Base */ = {isa = PBXFileReference; lastKnownFileType = file.storyboard; name = Base; path = Base.lproj/Main.storyboard; sourceTree = "<group>"; };
		5033BB7C206F669D00594A04 /* Assets.xcassets */ = {isa = PBXFileReference; lastKnownFileType = folder.assetcatalog; path = Assets.xcassets; sourceTree = "<group>"; };
		5033BB7F206F669D00594A04 /* Base */ = {isa = PBXFileReference; lastKnownFileType = file.storyboard; name = Base; path = Base.lproj/LaunchScreen.storyboard; sourceTree = "<group>"; };
		5033BB81206F669D00594A04 /* Info.plist */ = {isa = PBXFileReference; lastKnownFileType = text.plist.xml; path = Info.plist; sourceTree = "<group>"; };
		5033BB88206F66DB00594A04 /* AuthViewController.xib */ = {isa = PBXFileReference; lastKnownFileType = file.xib; path = AuthViewController.xib; sourceTree = "<group>"; };
		5033BB8B206F80E600594A04 /* FriendsViewController.swift */ = {isa = PBXFileReference; lastKnownFileType = sourcecode.swift; path = FriendsViewController.swift; sourceTree = "<group>"; };
		5033BB8D206F81A900594A04 /* FriendsViewController.xib */ = {isa = PBXFileReference; lastKnownFileType = file.xib; path = FriendsViewController.xib; sourceTree = "<group>"; };
		5033BB8F206F846B00594A04 /* FriendTableViewCell.swift */ = {isa = PBXFileReference; lastKnownFileType = sourcecode.swift; path = FriendTableViewCell.swift; sourceTree = "<group>"; };
		5033BB90206F846B00594A04 /* FriendTableViewCell.xib */ = {isa = PBXFileReference; lastKnownFileType = file.xib; path = FriendTableViewCell.xib; sourceTree = "<group>"; };
		50C1329E20789E9500CD2768 /* UserSettings.swift */ = {isa = PBXFileReference; lastKnownFileType = sourcecode.swift; path = UserSettings.swift; sourceTree = "<group>"; };
		5C253EC2FDCE6AC72A99FC59 /* Pods_VKClient.framework */ = {isa = PBXFileReference; explicitFileType = wrapper.framework; includeInIndex = 0; path = Pods_VKClient.framework; sourceTree = BUILT_PRODUCTS_DIR; };
		B45580CF2080D15D001D616C /* FriendInfoViewController.swift */ = {isa = PBXFileReference; lastKnownFileType = sourcecode.swift; path = FriendInfoViewController.swift; sourceTree = "<group>"; };
		B45580D02080D15D001D616C /* FriendInfoViewController.xib */ = {isa = PBXFileReference; lastKnownFileType = file.xib; path = FriendInfoViewController.xib; sourceTree = "<group>"; };
		C33B548C7AC6D0BB935B8901 /* Pods-VKClient.debug.xcconfig */ = {isa = PBXFileReference; includeInIndex = 1; lastKnownFileType = text.xcconfig; name = "Pods-VKClient.debug.xcconfig"; path = "Pods/Target Support Files/Pods-VKClient/Pods-VKClient.debug.xcconfig"; sourceTree = "<group>"; };
/* End PBXFileReference section */

/* Begin PBXFrameworksBuildPhase section */
		5033BB6F206F669C00594A04 /* Frameworks */ = {
			isa = PBXFrameworksBuildPhase;
			buildActionMask = 2147483647;
			files = (
				215F3D29E42E78784C8AA616 /* Pods_VKClient.framework in Frameworks */,
			);
			runOnlyForDeploymentPostprocessing = 0;
		};
/* End PBXFrameworksBuildPhase section */

/* Begin PBXGroup section */
		0157F32ABB562BFAF82D8479 /* Frameworks */ = {
			isa = PBXGroup;
			children = (
				5C253EC2FDCE6AC72A99FC59 /* Pods_VKClient.framework */,
			);
			name = Frameworks;
			sourceTree = "<group>";
		};
		5033BB69206F669C00594A04 = {
			isa = PBXGroup;
			children = (
				5033BB74206F669C00594A04 /* VKClient */,
				5033BB73206F669C00594A04 /* Products */,
				D678BB9979B5EBC428DF5B1D /* Pods */,
				0157F32ABB562BFAF82D8479 /* Frameworks */,
			);
			sourceTree = "<group>";
		};
		5033BB73206F669C00594A04 /* Products */ = {
			isa = PBXGroup;
			children = (
				5033BB72206F669C00594A04 /* VKClient.app */,
			);
			name = Products;
			sourceTree = "<group>";
		};
		5033BB74206F669C00594A04 /* VKClient */ = {
			isa = PBXGroup;
			children = (
				B45580C42080C942001D616C /* FriendsInfo */,
				5033BB87206F66A500594A04 /* SupportingFiles */,
				5033BB8A206F66E300594A04 /* AuthViewController */,
				CEE988112070DBB200B0941D /* Cell */,
				CEE988122070DBD800B0941D /* Friends */,
			);
			path = VKClient;
			sourceTree = "<group>";
		};
		5033BB87206F66A500594A04 /* SupportingFiles */ = {
			isa = PBXGroup;
			children = (
				5033BB75206F669C00594A04 /* AppDelegate.swift */,
				5033BB79206F669C00594A04 /* Main.storyboard */,
				5033BB7C206F669D00594A04 /* Assets.xcassets */,
				5033BB7E206F669D00594A04 /* LaunchScreen.storyboard */,
				5033BB81206F669D00594A04 /* Info.plist */,
				50C1329E20789E9500CD2768 /* UserSettings.swift */,
			);
			path = SupportingFiles;
			sourceTree = "<group>";
		};
		5033BB8A206F66E300594A04 /* AuthViewController */ = {
			isa = PBXGroup;
			children = (
				5033BB77206F669C00594A04 /* AuthViewController.swift */,
				5033BB88206F66DB00594A04 /* AuthViewController.xib */,
			);
			path = AuthViewController;
			sourceTree = "<group>";
		};
		B45580C42080C942001D616C /* FriendsInfo */ = {
			isa = PBXGroup;
			children = (
				B45580CF2080D15D001D616C /* FriendInfoViewController.swift */,
				B45580D02080D15D001D616C /* FriendInfoViewController.xib */,
			);
			path = FriendsInfo;
			sourceTree = "<group>";
		};
		CEE988112070DBB200B0941D /* Cell */ = {
			isa = PBXGroup;
			children = (
				5033BB90206F846B00594A04 /* FriendTableViewCell.xib */,
				5033BB8F206F846B00594A04 /* FriendTableViewCell.swift */,
			);
			path = Cell;
			sourceTree = "<group>";
		};
		CEE988122070DBD800B0941D /* Friends */ = {
			isa = PBXGroup;
			children = (
				5033BB8B206F80E600594A04 /* FriendsViewController.swift */,
				5033BB8D206F81A900594A04 /* FriendsViewController.xib */,
			);
			path = Friends;
			sourceTree = "<group>";
		};
		D678BB9979B5EBC428DF5B1D /* Pods */ = {
			isa = PBXGroup;
			children = (
				C33B548C7AC6D0BB935B8901 /* Pods-VKClient.debug.xcconfig */,
				05323B7976ACDA2A58FFCFDB /* Pods-VKClient.release.xcconfig */,
			);
			name = Pods;
			sourceTree = "<group>";
		};
/* End PBXGroup section */

/* Begin PBXNativeTarget section */
		5033BB71206F669C00594A04 /* VKClient */ = {
			isa = PBXNativeTarget;
			buildConfigurationList = 5033BB84206F669D00594A04 /* Build configuration list for PBXNativeTarget "VKClient" */;
			buildPhases = (
				051A54867222100592BA5882 /* [CP] Check Pods Manifest.lock */,
				5033BB6E206F669C00594A04 /* Sources */,
				5033BB6F206F669C00594A04 /* Frameworks */,
				5033BB70206F669C00594A04 /* Resources */,
				9A7F5296A782A976C86D85AE /* [CP] Embed Pods Frameworks */,
				A3C92986F22541D9C1383D82 /* [CP] Copy Pods Resources */,
			);
			buildRules = (
			);
			dependencies = (
			);
			name = VKClient;
			productName = VKClient;
			productReference = 5033BB72206F669C00594A04 /* VKClient.app */;
			productType = "com.apple.product-type.application";
		};
/* End PBXNativeTarget section */

/* Begin PBXProject section */
		5033BB6A206F669C00594A04 /* Project object */ = {
			isa = PBXProject;
			attributes = {
				LastSwiftUpdateCheck = 0920;
				LastUpgradeCheck = 0930;
				ORGANIZATIONNAME = albert;
				TargetAttributes = {
					5033BB71206F669C00594A04 = {
						CreatedOnToolsVersion = 9.2;
						ProvisioningStyle = Automatic;
					};
				};
			};
			buildConfigurationList = 5033BB6D206F669C00594A04 /* Build configuration list for PBXProject "VKClient" */;
			compatibilityVersion = "Xcode 8.0";
			developmentRegion = en;
			hasScannedForEncodings = 0;
			knownRegions = (
				en,
				Base,
			);
			mainGroup = 5033BB69206F669C00594A04;
			productRefGroup = 5033BB73206F669C00594A04 /* Products */;
			projectDirPath = "";
			projectRoot = "";
			targets = (
				5033BB71206F669C00594A04 /* VKClient */,
			);
		};
/* End PBXProject section */

/* Begin PBXResourcesBuildPhase section */
		5033BB70206F669C00594A04 /* Resources */ = {
			isa = PBXResourcesBuildPhase;
			buildActionMask = 2147483647;
			files = (
				B45580D22080D15D001D616C /* FriendInfoViewController.xib in Resources */,
				5033BB89206F66DB00594A04 /* AuthViewController.xib in Resources */,
				5033BB92206F846B00594A04 /* FriendTableViewCell.xib in Resources */,
				5033BB8E206F81A900594A04 /* FriendsViewController.xib in Resources */,
				5033BB80206F669D00594A04 /* LaunchScreen.storyboard in Resources */,
				5033BB7D206F669D00594A04 /* Assets.xcassets in Resources */,
				CEE988142070DDF800B0941D /* (null) in Resources */,
				5033BB7B206F669C00594A04 /* Main.storyboard in Resources */,
			);
			runOnlyForDeploymentPostprocessing = 0;
		};
/* End PBXResourcesBuildPhase section */

/* Begin PBXShellScriptBuildPhase section */
		051A54867222100592BA5882 /* [CP] Check Pods Manifest.lock */ = {
			isa = PBXShellScriptBuildPhase;
			buildActionMask = 2147483647;
			files = (
			);
			inputPaths = (
				"${PODS_PODFILE_DIR_PATH}/Podfile.lock",
				"${PODS_ROOT}/Manifest.lock",
			);
			name = "[CP] Check Pods Manifest.lock";
			outputPaths = (
				"$(DERIVED_FILE_DIR)/Pods-VKClient-checkManifestLockResult.txt",
			);
			runOnlyForDeploymentPostprocessing = 0;
			shellPath = /bin/sh;
			shellScript = "diff \"${PODS_PODFILE_DIR_PATH}/Podfile.lock\" \"${PODS_ROOT}/Manifest.lock\" > /dev/null\nif [ $? != 0 ] ; then\n    # print error to STDERR\n    echo \"error: The sandbox is not in sync with the Podfile.lock. Run 'pod install' or update your CocoaPods installation.\" >&2\n    exit 1\nfi\n# This output is used by Xcode 'outputs' to avoid re-running this script phase.\necho \"SUCCESS\" > \"${SCRIPT_OUTPUT_FILE_0}\"\n";
			showEnvVarsInLog = 0;
		};
		9A7F5296A782A976C86D85AE /* [CP] Embed Pods Frameworks */ = {
			isa = PBXShellScriptBuildPhase;
			buildActionMask = 2147483647;
			files = (
			);
			inputPaths = (
				"${SRCROOT}/Pods/Target Support Files/Pods-VKClient/Pods-VKClient-frameworks.sh",
				"${BUILT_PRODUCTS_DIR}/Alamofire/Alamofire.framework",
				"${BUILT_PRODUCTS_DIR}/CodableAlamofire/CodableAlamofire.framework",
			);
			name = "[CP] Embed Pods Frameworks";
			outputPaths = (
				"${TARGET_BUILD_DIR}/${FRAMEWORKS_FOLDER_PATH}/Alamofire.framework",
				"${TARGET_BUILD_DIR}/${FRAMEWORKS_FOLDER_PATH}/CodableAlamofire.framework",
			);
			runOnlyForDeploymentPostprocessing = 0;
			shellPath = /bin/sh;
			shellScript = "\"${SRCROOT}/Pods/Target Support Files/Pods-VKClient/Pods-VKClient-frameworks.sh\"\n";
			showEnvVarsInLog = 0;
		};
		A3C92986F22541D9C1383D82 /* [CP] Copy Pods Resources */ = {
			isa = PBXShellScriptBuildPhase;
			buildActionMask = 2147483647;
			files = (
			);
			inputPaths = (
			);
			name = "[CP] Copy Pods Resources";
			outputPaths = (
			);
			runOnlyForDeploymentPostprocessing = 0;
			shellPath = /bin/sh;
			shellScript = "\"${SRCROOT}/Pods/Target Support Files/Pods-VKClient/Pods-VKClient-resources.sh\"\n";
			showEnvVarsInLog = 0;
		};
/* End PBXShellScriptBuildPhase section */

/* Begin PBXSourcesBuildPhase section */
		5033BB6E206F669C00594A04 /* Sources */ = {
			isa = PBXSourcesBuildPhase;
			buildActionMask = 2147483647;
			files = (
				5033BB8C206F80E600594A04 /* FriendsViewController.swift in Sources */,
				5033BB78206F669C00594A04 /* AuthViewController.swift in Sources */,
				B45580D12080D15D001D616C /* FriendInfoViewController.swift in Sources */,
				5033BB76206F669C00594A04 /* AppDelegate.swift in Sources */,
				50C1329F20789E9500CD2768 /* UserSettings.swift in Sources */,
				5033BB91206F846B00594A04 /* FriendTableViewCell.swift in Sources */,
			);
			runOnlyForDeploymentPostprocessing = 0;
		};
/* End PBXSourcesBuildPhase section */

/* Begin PBXVariantGroup section */
		5033BB79206F669C00594A04 /* Main.storyboard */ = {
			isa = PBXVariantGroup;
			children = (
				5033BB7A206F669C00594A04 /* Base */,
			);
			name = Main.storyboard;
			sourceTree = "<group>";
		};
		5033BB7E206F669D00594A04 /* LaunchScreen.storyboard */ = {
			isa = PBXVariantGroup;
			children = (
				5033BB7F206F669D00594A04 /* Base */,
			);
			name = LaunchScreen.storyboard;
			sourceTree = "<group>";
		};
/* End PBXVariantGroup section */

/* Begin XCBuildConfiguration section */
		5033BB82206F669D00594A04 /* Debug */ = {
			isa = XCBuildConfiguration;
			buildSettings = {
				ALWAYS_SEARCH_USER_PATHS = NO;
				CLANG_ANALYZER_NONNULL = YES;
				CLANG_ANALYZER_NUMBER_OBJECT_CONVERSION = YES_AGGRESSIVE;
				CLANG_CXX_LANGUAGE_STANDARD = "gnu++14";
				CLANG_CXX_LIBRARY = "libc++";
				CLANG_ENABLE_MODULES = YES;
				CLANG_ENABLE_OBJC_ARC = YES;
				CLANG_WARN_BLOCK_CAPTURE_AUTORELEASING = YES;
				CLANG_WARN_BOOL_CONVERSION = YES;
				CLANG_WARN_COMMA = YES;
				CLANG_WARN_CONSTANT_CONVERSION = YES;
				CLANG_WARN_DEPRECATED_OBJC_IMPLEMENTATIONS = YES;
				CLANG_WARN_DIRECT_OBJC_ISA_USAGE = YES_ERROR;
				CLANG_WARN_DOCUMENTATION_COMMENTS = YES;
				CLANG_WARN_EMPTY_BODY = YES;
				CLANG_WARN_ENUM_CONVERSION = YES;
				CLANG_WARN_INFINITE_RECURSION = YES;
				CLANG_WARN_INT_CONVERSION = YES;
				CLANG_WARN_NON_LITERAL_NULL_CONVERSION = YES;
				CLANG_WARN_OBJC_IMPLICIT_RETAIN_SELF = YES;
				CLANG_WARN_OBJC_LITERAL_CONVERSION = YES;
				CLANG_WARN_OBJC_ROOT_CLASS = YES_ERROR;
				CLANG_WARN_RANGE_LOOP_ANALYSIS = YES;
				CLANG_WARN_STRICT_PROTOTYPES = YES;
				CLANG_WARN_SUSPICIOUS_MOVE = YES;
				CLANG_WARN_UNGUARDED_AVAILABILITY = YES_AGGRESSIVE;
				CLANG_WARN_UNREACHABLE_CODE = YES;
				CLANG_WARN__DUPLICATE_METHOD_MATCH = YES;
				CODE_SIGN_IDENTITY = "iPhone Developer";
				COPY_PHASE_STRIP = NO;
				DEBUG_INFORMATION_FORMAT = dwarf;
				ENABLE_STRICT_OBJC_MSGSEND = YES;
				ENABLE_TESTABILITY = YES;
				GCC_C_LANGUAGE_STANDARD = gnu11;
				GCC_DYNAMIC_NO_PIC = NO;
				GCC_NO_COMMON_BLOCKS = YES;
				GCC_OPTIMIZATION_LEVEL = 0;
				GCC_PREPROCESSOR_DEFINITIONS = (
					"DEBUG=1",
					"$(inherited)",
				);
				GCC_WARN_64_TO_32_BIT_CONVERSION = YES;
				GCC_WARN_ABOUT_RETURN_TYPE = YES_ERROR;
				GCC_WARN_UNDECLARED_SELECTOR = YES;
				GCC_WARN_UNINITIALIZED_AUTOS = YES_AGGRESSIVE;
				GCC_WARN_UNUSED_FUNCTION = YES;
				GCC_WARN_UNUSED_VARIABLE = YES;
				IPHONEOS_DEPLOYMENT_TARGET = 11.2;
				MTL_ENABLE_DEBUG_INFO = YES;
				ONLY_ACTIVE_ARCH = YES;
				SDKROOT = iphoneos;
				SWIFT_ACTIVE_COMPILATION_CONDITIONS = DEBUG;
				SWIFT_OPTIMIZATION_LEVEL = "-Onone";
			};
			name = Debug;
		};
		5033BB83206F669D00594A04 /* Release */ = {
			isa = XCBuildConfiguration;
			buildSettings = {
				ALWAYS_SEARCH_USER_PATHS = NO;
				CLANG_ANALYZER_NONNULL = YES;
				CLANG_ANALYZER_NUMBER_OBJECT_CONVERSION = YES_AGGRESSIVE;
				CLANG_CXX_LANGUAGE_STANDARD = "gnu++14";
				CLANG_CXX_LIBRARY = "libc++";
				CLANG_ENABLE_MODULES = YES;
				CLANG_ENABLE_OBJC_ARC = YES;
				CLANG_WARN_BLOCK_CAPTURE_AUTORELEASING = YES;
				CLANG_WARN_BOOL_CONVERSION = YES;
				CLANG_WARN_COMMA = YES;
				CLANG_WARN_CONSTANT_CONVERSION = YES;
				CLANG_WARN_DEPRECATED_OBJC_IMPLEMENTATIONS = YES;
				CLANG_WARN_DIRECT_OBJC_ISA_USAGE = YES_ERROR;
				CLANG_WARN_DOCUMENTATION_COMMENTS = YES;
				CLANG_WARN_EMPTY_BODY = YES;
				CLANG_WARN_ENUM_CONVERSION = YES;
				CLANG_WARN_INFINITE_RECURSION = YES;
				CLANG_WARN_INT_CONVERSION = YES;
				CLANG_WARN_NON_LITERAL_NULL_CONVERSION = YES;
				CLANG_WARN_OBJC_IMPLICIT_RETAIN_SELF = YES;
				CLANG_WARN_OBJC_LITERAL_CONVERSION = YES;
				CLANG_WARN_OBJC_ROOT_CLASS = YES_ERROR;
				CLANG_WARN_RANGE_LOOP_ANALYSIS = YES;
				CLANG_WARN_STRICT_PROTOTYPES = YES;
				CLANG_WARN_SUSPICIOUS_MOVE = YES;
				CLANG_WARN_UNGUARDED_AVAILABILITY = YES_AGGRESSIVE;
				CLANG_WARN_UNREACHABLE_CODE = YES;
				CLANG_WARN__DUPLICATE_METHOD_MATCH = YES;
				CODE_SIGN_IDENTITY = "iPhone Developer";
				COPY_PHASE_STRIP = NO;
				DEBUG_INFORMATION_FORMAT = "dwarf-with-dsym";
				ENABLE_NS_ASSERTIONS = NO;
				ENABLE_STRICT_OBJC_MSGSEND = YES;
				GCC_C_LANGUAGE_STANDARD = gnu11;
				GCC_NO_COMMON_BLOCKS = YES;
				GCC_WARN_64_TO_32_BIT_CONVERSION = YES;
				GCC_WARN_ABOUT_RETURN_TYPE = YES_ERROR;
				GCC_WARN_UNDECLARED_SELECTOR = YES;
				GCC_WARN_UNINITIALIZED_AUTOS = YES_AGGRESSIVE;
				GCC_WARN_UNUSED_FUNCTION = YES;
				GCC_WARN_UNUSED_VARIABLE = YES;
				IPHONEOS_DEPLOYMENT_TARGET = 11.2;
				MTL_ENABLE_DEBUG_INFO = NO;
				SDKROOT = iphoneos;
				SWIFT_OPTIMIZATION_LEVEL = "-Owholemodule";
				VALIDATE_PRODUCT = YES;
			};
			name = Release;
		};
		5033BB85206F669D00594A04 /* Debug */ = {
			isa = XCBuildConfiguration;
			baseConfigurationReference = C33B548C7AC6D0BB935B8901 /* Pods-VKClient.debug.xcconfig */;
			buildSettings = {
				ASSETCATALOG_COMPILER_APPICON_NAME = AppIcon;
				CODE_SIGN_STYLE = Automatic;
				DEVELOPMENT_TEAM = 46VFC6SDYF;
				INFOPLIST_FILE = VKClient/Info.plist;
				IPHONEOS_DEPLOYMENT_TARGET = 11.0;
				LD_RUNPATH_SEARCH_PATHS = "$(inherited) @executable_path/Frameworks";
				PRODUCT_BUNDLE_IDENTIFIER = com.vk.test;
				PRODUCT_NAME = "$(TARGET_NAME)";
				SWIFT_VERSION = 4.0;
				TARGETED_DEVICE_FAMILY = "1,2";
			};
			name = Debug;
		};
		5033BB86206F669D00594A04 /* Release */ = {
			isa = XCBuildConfiguration;
			baseConfigurationReference = 05323B7976ACDA2A58FFCFDB /* Pods-VKClient.release.xcconfig */;
			buildSettings = {
				ASSETCATALOG_COMPILER_APPICON_NAME = AppIcon;
				CODE_SIGN_STYLE = Automatic;
				DEVELOPMENT_TEAM = 46VFC6SDYF;
				INFOPLIST_FILE = VKClient/Info.plist;
				IPHONEOS_DEPLOYMENT_TARGET = 11.0;
				LD_RUNPATH_SEARCH_PATHS = "$(inherited) @executable_path/Frameworks";
				PRODUCT_BUNDLE_IDENTIFIER = com.vk.test;
				PRODUCT_NAME = "$(TARGET_NAME)";
				SWIFT_VERSION = 4.0;
				TARGETED_DEVICE_FAMILY = "1,2";
			};
			name = Release;
		};
/* End XCBuildConfiguration section */

/* Begin XCConfigurationList section */
		5033BB6D206F669C00594A04 /* Build configuration list for PBXProject "VKClient" */ = {
			isa = XCConfigurationList;
			buildConfigurations = (
				5033BB82206F669D00594A04 /* Debug */,
				5033BB83206F669D00594A04 /* Release */,
			);
			defaultConfigurationIsVisible = 0;
			defaultConfigurationName = Release;
		};
		5033BB84206F669D00594A04 /* Build configuration list for PBXNativeTarget "VKClient" */ = {
			isa = XCConfigurationList;
			buildConfigurations = (
				5033BB85206F669D00594A04 /* Debug */,
				5033BB86206F669D00594A04 /* Release */,
			);
			defaultConfigurationIsVisible = 0;
			defaultConfigurationName = Release;
		};
/* End XCConfigurationList section */
	};
	rootObject = 5033BB6A206F669C00594A04 /* Project object */;
}
